
Microsoft Visual Studio Solution File, Format Version 12.00
# Visual Studio 14
VisualStudioVersion = 14.0.25123.0
MinimumVisualStudioVersion = 10.0.40219.1
Project("{FAE04EC0-301F-11D3-BF4B-00C04F79EFBC}") = "CreationsByKittery", "CreationsByKittery\CreationsByKittery.csproj", "{0C1388AD-7726-4091-ACDC-74BCF2289DD8}"
EndProject
Project("{FAE04EC0-301F-11D3-BF4B-00C04F79EFBC}") = "Sol3.Site.Repository", "Sol3.Site.Repository\Sol3.Site.Repository.csproj", "{EB90F7FE-07AF-4A56-8B91-0180D38F67EF}"
EndProject
Project("{FAE04EC0-301F-11D3-BF4B-00C04F79EFBC}") = "Sol3", "Sol3\Sol3.csproj", "{3E8D7CE4-A246-49C7-A848-5F9A41A58393}"
EndProject
Global
	GlobalSection(SolutionConfigurationPlatforms) = preSolution
		Debug|Any CPU = Debug|Any CPU
		Release|Any CPU = Release|Any CPU
	EndGlobalSection
	GlobalSection(ProjectConfigurationPlatforms) = postSolution
		{0C1388AD-7726-4091-ACDC-74BCF2289DD8}.Debug|Any CPU.ActiveCfg = Debug|Any CPU
		{0C1388AD-7726-4091-ACDC-74BCF2289DD8}.Debug|Any CPU.Build.0 = Debug|Any CPU
		{0C1388AD-7726-4091-ACDC-74BCF2289DD8}.Release|Any CPU.ActiveCfg = Release|Any CPU
		{0C1388AD-7726-4091-ACDC-74BCF2289DD8}.Release|Any CPU.Build.0 = Release|Any CPU
		{EB90F7FE-07AF-4A56-8B91-0180D38F67EF}.Debug|Any CPU.ActiveCfg = Debug|Any CPU
		{EB90F7FE-07AF-4A56-8B91-0180D38F67EF}.Debug|Any CPU.Build.0 = Debug|Any CPU
		{EB90F7FE-07AF-4A56-8B91-0180D38F67EF}.Release|Any CPU.ActiveCfg = Release|Any CPU
		{EB90F7FE-07AF-4A56-8B91-0180D38F67EF}.Release|Any CPU.Build.0 = Release|Any CPU
		{3E8D7CE4-A246-49C7-A848-5F9A41A58393}.Debug|Any CPU.ActiveCfg = Debug|Any CPU
		{3E8D7CE4-A246-49C7-A848-5F9A41A58393}.Debug|Any CPU.Build.0 = Debug|Any CPU
		{3E8D7CE4-A246-49C7-A848-5F9A41A58393}.Release|Any CPU.ActiveCfg = Release|Any CPU
		{3E8D7CE4-A246-49C7-A848-5F9A41A58393}.Release|Any CPU.Build.0 = Release|Any CPU
	EndGlobalSection
	GlobalSection(SolutionProperties) = preSolution
		HideSolutionNode = FALSE
	EndGlobalSection
EndGlobal
